// !$*UTF8*$!
{
	archiveVersion = 1;
	classes = {
	};
	objectVersion = 56;
	objects = {

/* Begin PBXBuildFile section */
		BD8050D92A8528C3007DB190 /* AboutMeAppApp.swift in Sources */ = {isa = PBXBuildFile; fileRef = BD8050D82A8528C3007DB190 /* AboutMeAppApp.swift */; };
		BD8050DB2A8528C3007DB190 /* ContentView.swift in Sources */ = {isa = PBXBuildFile; fileRef = BD8050DA2A8528C3007DB190 /* ContentView.swift */; };
		BD8050DD2A8528C5007DB190 /* Assets.xcassets in Resources */ = {isa = PBXBuildFile; fileRef = BD8050DC2A8528C5007DB190 /* Assets.xcassets */; };
		BD8050E02A8528C5007DB190 /* Preview Assets.xcassets in Resources */ = {isa = PBXBuildFile; fileRef = BD8050DF2A8528C5007DB190 /* Preview Assets.xcassets */; };
		BD8050EA2A8528C5007DB190 /* AboutMeAppTests.swift in Sources */ = {isa = PBXBuildFile; fileRef = BD8050E92A8528C5007DB190 /* AboutMeAppTests.swift */; };
		BD8050F42A8528C5007DB190 /* AboutMeAppUITests.swift in Sources */ = {isa = PBXBuildFile; fileRef = BD8050F32A8528C5007DB190 /* AboutMeAppUITests.swift */; };
		BD8050F62A8528C5007DB190 /* AboutMeAppUITestsLaunchTests.swift in Sources */ = {isa = PBXBuildFile; fileRef = BD8050F52A8528C5007DB190 /* AboutMeAppUITestsLaunchTests.swift */; };
/* End PBXBuildFile section */

/* Begin PBXContainerItemProxy section */
		BD8050E62A8528C5007DB190 /* PBXContainerItemProxy */ = {
			isa = PBXContainerItemProxy;
			containerPortal = BD8050CD2A8528C3007DB190 /* Project object */;
			proxyType = 1;
			remoteGlobalIDString = BD8050D42A8528C3007DB190;
			remoteInfo = AboutMeApp;
		};
		BD8050F02A8528C5007DB190 /* PBXContainerItemProxy */ = {
			isa = PBXContainerItemProxy;
			containerPortal = BD8050CD2A8528C3007DB190 /* Project object */;
			proxyType = 1;
			remoteGlobalIDString = BD8050D42A8528C3007DB190;
			remoteInfo = AboutMeApp;
		};
/* End PBXContainerItemProxy section */

/* Begin PBXFileReference section */
		BD8050D52A8528C3007DB190 /* AboutMeApp.app */ = {isa = PBXFileReference; explicitFileType = wrapper.application; includeInIndex = 0; path = AboutMeApp.app; sourceTree = BUILT_PRODUCTS_DIR; };
		BD8050D82A8528C3007DB190 /* AboutMeAppApp.swift */ = {isa = PBXFileReference; lastKnownFileType = sourcecode.swift; path = AboutMeAppApp.swift; sourceTree = "<group>"; };
		BD8050DA2A8528C3007DB190 /* ContentView.swift */ = {isa = PBXFileReference; lastKnownFileType = sourcecode.swift; path = ContentView.swift; sourceTree = "<group>"; };
		BD8050DC2A8528C5007DB190 /* Assets.xcassets */ = {isa = PBXFileReference; lastKnownFileType = folder.assetcatalog; path = Assets.xcassets; sourceTree = "<group>"; };
		BD8050DF2A8528C5007DB190 /* Preview Assets.xcassets */ = {isa = PBXFileReference; lastKnownFileType = folder.assetcatalog; path = "Preview Assets.xcassets"; sourceTree = "<group>"; };
		BD8050E52A8528C5007DB190 /* AboutMeAppTests.xctest */ = {isa = PBXFileReference; explicitFileType = wrapper.cfbundle; includeInIndex = 0; path = AboutMeAppTests.xctest; sourceTree = BUILT_PRODUCTS_DIR; };
		BD8050E92A8528C5007DB190 /* AboutMeAppTests.swift */ = {isa = PBXFileReference; lastKnownFileType = sourcecode.swift; path = AboutMeAppTests.swift; sourceTree = "<group>"; };
		BD8050EF2A8528C5007DB190 /* AboutMeAppUITests.xctest */ = {isa = PBXFileReference; explicitFileType = wrapper.cfbundle; includeInIndex = 0; path = AboutMeAppUITests.xctest; sourceTree = BUILT_PRODUCTS_DIR; };
		BD8050F32A8528C5007DB190 /* AboutMeAppUITests.swift */ = {isa = PBXFileReference; lastKnownFileType = sourcecode.swift; path = AboutMeAppUITests.swift; sourceTree = "<group>"; };
		BD8050F52A8528C5007DB190 /* AboutMeAppUITestsLaunchTests.swift */ = {isa = PBXFileReference; lastKnownFileType = sourcecode.swift; path = AboutMeAppUITestsLaunchTests.swift; sourceTree = "<group>"; };
/* End PBXFileReference section */

/* Begin PBXFrameworksBuildPhase section */
		BD8050D22A8528C3007DB190 /* Frameworks */ = {
			isa = PBXFrameworksBuildPhase;
			buildActionMask = 2147483647;
			files = (
			);
			runOnlyForDeploymentPostprocessing = 0;
		};
		BD8050E22A8528C5007DB190 /* Frameworks */ = {
			isa = PBXFrameworksBuildPhase;
			buildActionMask = 2147483647;
			files = (
			);
			runOnlyForDeploymentPostprocessing = 0;
		};
		BD8050EC2A8528C5007DB190 /* Frameworks */ = {
			isa = PBXFrameworksBuildPhase;
			buildActionMask = 2147483647;
			files = (
			);
			runOnlyForDeploymentPostprocessing = 0;
		};
/* End PBXFrameworksBuildPhase section */

/* Begin PBXGroup section */
		BD8050CC2A8528C3007DB190 = {
			isa = PBXGroup;
			children = (
				BD8050D72A8528C3007DB190 /* AboutMeApp */,
				BD8050E82A8528C5007DB190 /* AboutMeAppTests */,
				BD8050F22A8528C5007DB190 /* AboutMeAppUITests */,
				BD8050D62A8528C3007DB190 /* Products */,
			);
			sourceTree = "<group>";
		};
		BD8050D62A8528C3007DB190 /* Products */ = {
			isa = PBXGroup;
			children = (
				BD8050D52A8528C3007DB190 /* AboutMeApp.app */,
				BD8050E52A8528C5007DB190 /* AboutMeAppTests.xctest */,
				BD8050EF2A8528C5007DB190 /* AboutMeAppUITests.xctest */,
			);
			name = Products;
			sourceTree = "<group>";
		};
		BD8050D72A8528C3007DB190 /* AboutMeApp */ = {
			isa = PBXGroup;
			children = (
				BD8050D82A8528C3007DB190 /* AboutMeAppApp.swift */,
				BD8050DA2A8528C3007DB190 /* ContentView.swift */,
				BD8050DC2A8528C5007DB190 /* Assets.xcassets */,
				BD8050DE2A8528C5007DB190 /* Preview Content */,
			);
			path = AboutMeApp;
			sourceTree = "<group>";
		};
		BD8050DE2A8528C5007DB190 /* Preview Content */ = {
			isa = PBXGroup;
			children = (
				BD8050DF2A8528C5007DB190 /* Preview Assets.xcassets */,
			);
			path = "Preview Content";
			sourceTree = "<group>";
		};
		BD8050E82A8528C5007DB190 /* AboutMeAppTests */ = {
			isa = PBXGroup;
			children = (
				BD8050E92A8528C5007DB190 /* AboutMeAppTests.swift */,
			);
			path = AboutMeAppTests;
			sourceTree = "<group>";
		};
		BD8050F22A8528C5007DB190 /* AboutMeAppUITests */ = {
			isa = PBXGroup;
			children = (
				BD8050F32A8528C5007DB190 /* AboutMeAppUITests.swift */,
				BD8050F52A8528C5007DB190 /* AboutMeAppUITestsLaunchTests.swift */,
			);
			path = AboutMeAppUITests;
			sourceTree = "<group>";
		};
/* End PBXGroup section */

/* Begin PBXNativeTarget section */
		BD8050D42A8528C3007DB190 /* AboutMeApp */ = {
			isa = PBXNativeTarget;
			buildConfigurationList = BD8050F92A8528C5007DB190 /* Build configuration list for PBXNativeTarget "AboutMeApp" */;
			buildPhases = (
				BD8050D12A8528C3007DB190 /* Sources */,
				BD8050D22A8528C3007DB190 /* Frameworks */,
				BD8050D32A8528C3007DB190 /* Resources */,
			);
			buildRules = (
			);
			dependencies = (
			);
			name = AboutMeApp;
			productName = AboutMeApp;
			productReference = BD8050D52A8528C3007DB190 /* AboutMeApp.app */;
			productType = "com.apple.product-type.application";
		};
		BD8050E42A8528C5007DB190 /* AboutMeAppTests */ = {
			isa = PBXNativeTarget;
			buildConfigurationList = BD8050FC2A8528C5007DB190 /* Build configuration list for PBXNativeTarget "AboutMeAppTests" */;
			buildPhases = (
				BD8050E12A8528C5007DB190 /* Sources */,
				BD8050E22A8528C5007DB190 /* Frameworks */,
				BD8050E32A8528C5007DB190 /* Resources */,
			);
			buildRules = (
			);
			dependencies = (
				BD8050E72A8528C5007DB190 /* PBXTargetDependency */,
			);
			name = AboutMeAppTests;
			productName = AboutMeAppTests;
			productReference = BD8050E52A8528C5007DB190 /* AboutMeAppTests.xctest */;
			productType = "com.apple.product-type.bundle.unit-test";
		};
		BD8050EE2A8528C5007DB190 /* AboutMeAppUITests */ = {
			isa = PBXNativeTarget;
			buildConfigurationList = BD8050FF2A8528C5007DB190 /* Build configuration list for PBXNativeTarget "AboutMeAppUITests" */;
			buildPhases = (
				BD8050EB2A8528C5007DB190 /* Sources */,
				BD8050EC2A8528C5007DB190 /* Frameworks */,
				BD8050ED2A8528C5007DB190 /* Resources */,
			);
			buildRules = (
			);
			dependencies = (
				BD8050F12A8528C5007DB190 /* PBXTargetDependency */,
			);
			name = AboutMeAppUITests;
			productName = AboutMeAppUITests;
			productReference = BD8050EF2A8528C5007DB190 /* AboutMeAppUITests.xctest */;
			productType = "com.apple.product-type.bundle.ui-testing";
		};
/* End PBXNativeTarget section */

/* Begin PBXProject section */
		BD8050CD2A8528C3007DB190 /* Project object */ = {
			isa = PBXProject;
			attributes = {
				BuildIndependentTargetsInParallel = 1;
				LastSwiftUpdateCheck = 1430;
				LastUpgradeCheck = 1430;
				TargetAttributes = {
					BD8050D42A8528C3007DB190 = {
						CreatedOnToolsVersion = 14.3.1;
					};
					BD8050E42A8528C5007DB190 = {
						CreatedOnToolsVersion = 14.3.1;
						TestTargetID = BD8050D42A8528C3007DB190;
					};
					BD8050EE2A8528C5007DB190 = {
						CreatedOnToolsVersion = 14.3.1;
						TestTargetID = BD8050D42A8528C3007DB190;
					};
				};
			};
			buildConfigurationList = BD8050D02A8528C3007DB190 /* Build configuration list for PBXProject "AboutMeApp" */;
			compatibilityVersion = "Xcode 14.0";
			developmentRegion = en;
			hasScannedForEncodings = 0;
			knownRegions = (
				en,
				Base,
			);
			mainGroup = BD8050CC2A8528C3007DB190;
			productRefGroup = BD8050D62A8528C3007DB190 /* Products */;
			projectDirPath = "";
			projectRoot = "";
			targets = (
				BD8050D42A8528C3007DB190 /* AboutMeApp */,
				BD8050E42A8528C5007DB190 /* AboutMeAppTests */,
				BD8050EE2A8528C5007DB190 /* AboutMeAppUITests */,
			);
		};
/* End PBXProject section */

/* Begin PBXResourcesBuildPhase section */
		BD8050D32A8528C3007DB190 /* Resources */ = {
			isa = PBXResourcesBuildPhase;
			buildActionMask = 2147483647;
			files = (
				BD8050E02A8528C5007DB190 /* Preview Assets.xcassets in Resources */,
				BD8050DD2A8528C5007DB190 /* Assets.xcassets in Resources */,
			);
			runOnlyForDeploymentPostprocessing = 0;
		};
		BD8050E32A8528C5007DB190 /* Resources */ = {
			isa = PBXResourcesBuildPhase;
			buildActionMask = 2147483647;
			files = (
			);
			runOnlyForDeploymentPostprocessing = 0;
		};
		BD8050ED2A8528C5007DB190 /* Resources */ = {
			isa = PBXResourcesBuildPhase;
			buildActionMask = 2147483647;
			files = (
			);
			runOnlyForDeploymentPostprocessing = 0;
		};
/* End PBXResourcesBuildPhase section */

/* Begin PBXSourcesBuildPhase section */
		BD8050D12A8528C3007DB190 /* Sources */ = {
			isa = PBXSourcesBuildPhase;
			buildActionMask = 2147483647;
			files = (
				BD8050DB2A8528C3007DB190 /* ContentView.swift in Sources */,
				BD8050D92A8528C3007DB190 /* AboutMeAppApp.swift in Sources */,
			);
			runOnlyForDeploymentPostprocessing = 0;
		};
		BD8050E12A8528C5007DB190 /* Sources */ = {
			isa = PBXSourcesBuildPhase;
			buildActionMask = 2147483647;
			files = (
				BD8050EA2A8528C5007DB190 /* AboutMeAppTests.swift in Sources */,
			);
			runOnlyForDeploymentPostprocessing = 0;
		};
		BD8050EB2A8528C5007DB190 /* Sources */ = {
			isa = PBXSourcesBuildPhase;
			buildActionMask = 2147483647;
			files = (
				BD8050F62A8528C5007DB190 /* AboutMeAppUITestsLaunchTests.swift in Sources */,
				BD8050F42A8528C5007DB190 /* AboutMeAppUITests.swift in Sources */,
			);
			runOnlyForDeploymentPostprocessing = 0;
		};
/* End PBXSourcesBuildPhase section */

/* Begin PBXTargetDependency section */
		BD8050E72A8528C5007DB190 /* PBXTargetDependency */ = {
			isa = PBXTargetDependency;
			target = BD8050D42A8528C3007DB190 /* AboutMeApp */;
			targetProxy = BD8050E62A8528C5007DB190 /* PBXContainerItemProxy */;
		};
		BD8050F12A8528C5007DB190 /* PBXTargetDependency */ = {
			isa = PBXTargetDependency;
			target = BD8050D42A8528C3007DB190 /* AboutMeApp */;
			targetProxy = BD8050F02A8528C5007DB190 /* PBXContainerItemProxy */;
		};
/* End PBXTargetDependency section */

/* Begin XCBuildConfiguration section */
		BD8050F72A8528C5007DB190 /* Debug */ = {
			isa = XCBuildConfiguration;
			buildSettings = {
				ALWAYS_SEARCH_USER_PATHS = NO;
				CLANG_ANALYZER_NONNULL = YES;
				CLANG_ANALYZER_NUMBER_OBJECT_CONVERSION = YES_AGGRESSIVE;
				CLANG_CXX_LANGUAGE_STANDARD = "gnu++20";
				CLANG_ENABLE_MODULES = YES;
				CLANG_ENABLE_OBJC_ARC = YES;
				CLANG_ENABLE_OBJC_WEAK = YES;
				CLANG_WARN_BLOCK_CAPTURE_AUTORELEASING = YES;
				CLANG_WARN_BOOL_CONVERSION = YES;
				CLANG_WARN_COMMA = YES;
				CLANG_WARN_CONSTANT_CONVERSION = YES;
				CLANG_WARN_DEPRECATED_OBJC_IMPLEMENTATIONS = YES;
				CLANG_WARN_DIRECT_OBJC_ISA_USAGE = YES_ERROR;
				CLANG_WARN_DOCUMENTATION_COMMENTS = YES;
				CLANG_WARN_EMPTY_BODY = YES;
				CLANG_WARN_ENUM_CONVERSION = YES;
				CLANG_WARN_INFINITE_RECURSION = YES;
				CLANG_WARN_INT_CONVERSION = YES;
				CLANG_WARN_NON_LITERAL_NULL_CONVERSION = YES;
				CLANG_WARN_OBJC_IMPLICIT_RETAIN_SELF = YES;
				CLANG_WARN_OBJC_LITERAL_CONVERSION = YES;
				CLANG_WARN_OBJC_ROOT_CLASS = YES_ERROR;
				CLANG_WARN_QUOTED_INCLUDE_IN_FRAMEWORK_HEADER = YES;
				CLANG_WARN_RANGE_LOOP_ANALYSIS = YES;
				CLANG_WARN_STRICT_PROTOTYPES = YES;
				CLANG_WARN_SUSPICIOUS_MOVE = YES;
				CLANG_WARN_UNGUARDED_AVAILABILITY = YES_AGGRESSIVE;
				CLANG_WARN_UNREACHABLE_CODE = YES;
				CLANG_WARN__DUPLICATE_METHOD_MATCH = YES;
				COPY_PHASE_STRIP = NO;
				DEBUG_INFORMATION_FORMAT = dwarf;
				ENABLE_STRICT_OBJC_MSGSEND = YES;
				ENABLE_TESTABILITY = YES;
				GCC_C_LANGUAGE_STANDARD = gnu11;
				GCC_DYNAMIC_NO_PIC = NO;
				GCC_NO_COMMON_BLOCKS = YES;
				GCC_OPTIMIZATION_LEVEL = 0;
				GCC_PREPROCESSOR_DEFINITIONS = (
					"DEBUG=1",
					"$(inherited)",
				);
				GCC_WARN_64_TO_32_BIT_CONVERSION = YES;
				GCC_WARN_ABOUT_RETURN_TYPE = YES_ERROR;
				GCC_WARN_UNDECLARED_SELECTOR = YES;
				GCC_WARN_UNINITIALIZED_AUTOS = YES_AGGRESSIVE;
				GCC_WARN_UNUSED_FUNCTION = YES;
				GCC_WARN_UNUSED_VARIABLE = YES;
				IPHONEOS_DEPLOYMENT_TARGET = 16.4;
				MTL_ENABLE_DEBUG_INFO = INCLUDE_SOURCE;
				MTL_FAST_MATH = YES;
				ONLY_ACTIVE_ARCH = YES;
				SDKROOT = iphoneos;
				SWIFT_ACTIVE_COMPILATION_CONDITIONS = DEBUG;
				SWIFT_OPTIMIZATION_LEVEL = "-Onone";
			};
			name = Debug;
		};
		BD8050F82A8528C5007DB190 /* Release */ = {
			isa = XCBuildConfiguration;
			buildSettings = {
				ALWAYS_SEARCH_USER_PATHS = NO;
				CLANG_ANALYZER_NONNULL = YES;
				CLANG_ANALYZER_NUMBER_OBJECT_CONVERSION = YES_AGGRESSIVE;
				CLANG_CXX_LANGUAGE_STANDARD = "gnu++20";
				CLANG_ENABLE_MODULES = YES;
				CLANG_ENABLE_OBJC_ARC = YES;
				CLANG_ENABLE_OBJC_WEAK = YES;
				CLANG_WARN_BLOCK_CAPTURE_AUTORELEASING = YES;
				CLANG_WARN_BOOL_CONVERSION = YES;
				CLANG_WARN_COMMA = YES;
				CLANG_WARN_CONSTANT_CONVERSION = YES;
				CLANG_WARN_DEPRECATED_OBJC_IMPLEMENTATIONS = YES;
				CLANG_WARN_DIRECT_OBJC_ISA_USAGE = YES_ERROR;
				CLANG_WARN_DOCUMENTATION_COMMENTS = YES;
				CLANG_WARN_EMPTY_BODY = YES;
				CLANG_WARN_ENUM_CONVERSION = YES;
				CLANG_WARN_INFINITE_RECURSION = YES;
				CLANG_WARN_INT_CONVERSION = YES;
				CLANG_WARN_NON_LITERAL_NULL_CONVERSION = YES;
				CLANG_WARN_OBJC_IMPLICIT_RETAIN_SELF = YES;
				CLANG_WARN_OBJC_LITERAL_CONVERSION = YES;
				CLANG_WARN_OBJC_ROOT_CLASS = YES_ERROR;
				CLANG_WARN_QUOTED_INCLUDE_IN_FRAMEWORK_HEADER = YES;
				CLANG_WARN_RANGE_LOOP_ANALYSIS = YES;
				CLANG_WARN_STRICT_PROTOTYPES = YES;
				CLANG_WARN_SUSPICIOUS_MOVE = YES;
				CLANG_WARN_UNGUARDED_AVAILABILITY = YES_AGGRESSIVE;
				CLANG_WARN_UNREACHABLE_CODE = YES;
				CLANG_WARN__DUPLICATE_METHOD_MATCH = YES;
				COPY_PHASE_STRIP = NO;
				DEBUG_INFORMATION_FORMAT = "dwarf-with-dsym";
				ENABLE_NS_ASSERTIONS = NO;
				ENABLE_STRICT_OBJC_MSGSEND = YES;
				GCC_C_LANGUAGE_STANDARD = gnu11;
				GCC_NO_COMMON_BLOCKS = YES;
				GCC_WARN_64_TO_32_BIT_CONVERSION = YES;
				GCC_WARN_ABOUT_RETURN_TYPE = YES_ERROR;
				GCC_WARN_UNDECLARED_SELECTOR = YES;
				GCC_WARN_UNINITIALIZED_AUTOS = YES_AGGRESSIVE;
				GCC_WARN_UNUSED_FUNCTION = YES;
				GCC_WARN_UNUSED_VARIABLE = YES;
				IPHONEOS_DEPLOYMENT_TARGET = 16.4;
				MTL_ENABLE_DEBUG_INFO = NO;
				MTL_FAST_MATH = YES;
				SDKROOT = iphoneos;
				SWIFT_COMPILATION_MODE = wholemodule;
				SWIFT_OPTIMIZATION_LEVEL = "-O";
				VALIDATE_PRODUCT = YES;
			};
			name = Release;
		};
		BD8050FA2A8528C5007DB190 /* Debug */ = {
			isa = XCBuildConfiguration;
			buildSettings = {
				ASSETCATALOG_COMPILER_APPICON_NAME = AppIcon;
				ASSETCATALOG_COMPILER_GLOBAL_ACCENT_COLOR_NAME = AccentColor;
				CODE_SIGN_STYLE = Automatic;
				CURRENT_PROJECT_VERSION = 1;
				DEVELOPMENT_ASSET_PATHS = "\"AboutMeApp/Preview Content\"";
				ENABLE_PREVIEWS = YES;
				GENERATE_INFOPLIST_FILE = YES;
				INFOPLIST_KEY_UIApplicationSceneManifest_Generation = YES;
				INFOPLIST_KEY_UIApplicationSupportsIndirectInputEvents = YES;
				INFOPLIST_KEY_UILaunchScreen_Generation = YES;
				INFOPLIST_KEY_UISupportedInterfaceOrientations_iPad = "UIInterfaceOrientationPortrait UIInterfaceOrientationPortraitUpsideDown UIInterfaceOrientationLandscapeLeft UIInterfaceOrientationLandscapeRight";
				INFOPLIST_KEY_UISupportedInterfaceOrientations_iPhone = "UIInterfaceOrientationPortrait UIInterfaceOrientationLandscapeLeft UIInterfaceOrientationLandscapeRight";
				LD_RUNPATH_SEARCH_PATHS = (
					"$(inherited)",
					"@executable_path/Frameworks",
				);
				MARKETING_VERSION = 1.0;
				PRODUCT_BUNDLE_IDENTIFIER = kwk.AboutMeApp;
				PRODUCT_NAME = "$(TARGET_NAME)";
				SWIFT_EMIT_LOC_STRINGS = YES;
				SWIFT_VERSION = 5.0;
				TARGETED_DEVICE_FAMILY = "1,2";
			};
			name = Debug;
		};
		BD8050FB2A8528C5007DB190 /* Release */ = {
			isa = XCBuildConfiguration;
			buildSettings = {
				ASSETCATALOG_COMPILER_APPICON_NAME = AppIcon;
				ASSETCATALOG_COMPILER_GLOBAL_ACCENT_COLOR_NAME = AccentColor;
				CODE_SIGN_STYLE = Automatic;
				CURRENT_PROJECT_VERSION = 1;
				DEVELOPMENT_ASSET_PATHS = "\"AboutMeApp/Preview Content\"";
				ENABLE_PREVIEWS = YES;
				GENERATE_INFOPLIST_FILE = YES;
				INFOPLIST_KEY_UIApplicationSceneManifest_Generation = YES;
				INFOPLIST_KEY_UIApplicationSupportsIndirectInputEvents = YES;
				INFOPLIST_KEY_UILaunchScreen_Generation = YES;
				INFOPLIST_KEY_UISupportedInterfaceOrientations_iPad = "UIInterfaceOrientationPortrait UIInterfaceOrientationPortraitUpsideDown UIInterfaceOrientationLandscapeLeft UIInterfaceOrientationLandscapeRight";
				INFOPLIST_KEY_UISupportedInterfaceOrientations_iPhone = "UIInterfaceOrientationPortrait UIInterfaceOrientationLandscapeLeft UIInterfaceOrientationLandscapeRight";
				LD_RUNPATH_SEARCH_PATHS = (
					"$(inherited)",
					"@executable_path/Frameworks",
				);
				MARKETING_VERSION = 1.0;
				PRODUCT_BUNDLE_IDENTIFIER = kwk.AboutMeApp;
				PRODUCT_NAME = "$(TARGET_NAME)";
				SWIFT_EMIT_LOC_STRINGS = YES;
				SWIFT_VERSION = 5.0;
				TARGETED_DEVICE_FAMILY = "1,2";
			};
			name = Release;
		};
		BD8050FD2A8528C5007DB190 /* Debug */ = {
			isa = XCBuildConfiguration;
			buildSettings = {
				ALWAYS_EMBED_SWIFT_STANDARD_LIBRARIES = YES;
				BUNDLE_LOADER = "$(TEST_HOST)";
				CODE_SIGN_STYLE = Automatic;
				CURRENT_PROJECT_VERSION = 1;
				GENERATE_INFOPLIST_FILE = YES;
				IPHONEOS_DEPLOYMENT_TARGET = 16.4;
				MARKETING_VERSION = 1.0;
				PRODUCT_BUNDLE_IDENTIFIER = kwk.AboutMeAppTests;
				PRODUCT_NAME = "$(TARGET_NAME)";
				SWIFT_EMIT_LOC_STRINGS = NO;
				SWIFT_VERSION = 5.0;
				TARGETED_DEVICE_FAMILY = "1,2";
				TEST_HOST = "$(BUILT_PRODUCTS_DIR)/AboutMeApp.app/$(BUNDLE_EXECUTABLE_FOLDER_PATH)/AboutMeApp";
			};
			name = Debug;
		};
		BD8050FE2A8528C5007DB190 /* Release */ = {
			isa = XCBuildConfiguration;
			buildSettings = {
				ALWAYS_EMBED_SWIFT_STANDARD_LIBRARIES = YES;
				BUNDLE_LOADER = "$(TEST_HOST)";
				CODE_SIGN_STYLE = Automatic;
				CURRENT_PROJECT_VERSION = 1;
				GENERATE_INFOPLIST_FILE = YES;
				IPHONEOS_DEPLOYMENT_TARGET = 16.4;
				MARKETING_VERSION = 1.0;
				PRODUCT_BUNDLE_IDENTIFIER = kwk.AboutMeAppTests;
				PRODUCT_NAME = "$(TARGET_NAME)";
				SWIFT_EMIT_LOC_STRINGS = NO;
				SWIFT_VERSION = 5.0;
				TARGETED_DEVICE_FAMILY = "1,2";
				TEST_HOST = "$(BUILT_PRODUCTS_DIR)/AboutMeApp.app/$(BUNDLE_EXECUTABLE_FOLDER_PATH)/AboutMeApp";
			};
			name = Release;
		};
		BD8051002A8528C5007DB190 /* Debug */ = {
			isa = XCBuildConfiguration;
			buildSettings = {
				ALWAYS_EMBED_SWIFT_STANDARD_LIBRARIES = YES;
				CODE_SIGN_STYLE = Automatic;
				CURRENT_PROJECT_VERSION = 1;
				GENERATE_INFOPLIST_FILE = YES;
				MARKETING_VERSION = 1.0;
				PRODUCT_BUNDLE_IDENTIFIER = kwk.AboutMeAppUITests;
				PRODUCT_NAME = "$(TARGET_NAME)";
				SWIFT_EMIT_LOC_STRINGS = NO;
				SWIFT_VERSION = 5.0;
				TARGETED_DEVICE_FAMILY = "1,2";
				TEST_TARGET_NAME = AboutMeApp;
			};
			name = Debug;
		};
		BD8051012A8528C5007DB190 /* Release */ = {
			isa = XCBuildConfiguration;
			buildSettings = {
				ALWAYS_EMBED_SWIFT_STANDARD_LIBRARIES = YES;
				CODE_SIGN_STYLE = Automatic;
				CURRENT_PROJECT_VERSION = 1;
				GENERATE_INFOPLIST_FILE = YES;
				MARKETING_VERSION = 1.0;
				PRODUCT_BUNDLE_IDENTIFIER = kwk.AboutMeAppUITests;
				PRODUCT_NAME = "$(TARGET_NAME)";
				SWIFT_EMIT_LOC_STRINGS = NO;
				SWIFT_VERSION = 5.0;
				TARGETED_DEVICE_FAMILY = "1,2";
				TEST_TARGET_NAME = AboutMeApp;
			};
			name = Release;
		};
/* End XCBuildConfiguration section */

/* Begin XCConfigurationList section */
		BD8050D02A8528C3007DB190 /* Build configuration list for PBXProject "AboutMeApp" */ = {
			isa = XCConfigurationList;
			buildConfigurations = (
				BD8050F72A8528C5007DB190 /* Debug */,
				BD8050F82A8528C5007DB190 /* Release */,
			);
			defaultConfigurationIsVisible = 0;
			defaultConfigurationName = Release;
		};
		BD8050F92A8528C5007DB190 /* Build configuration list for PBXNativeTarget "AboutMeApp" */ = {
			isa = XCConfigurationList;
			buildConfigurations = (
				BD8050FA2A8528C5007DB190 /* Debug */,
				BD8050FB2A8528C5007DB190 /* Release */,
			);
			defaultConfigurationIsVisible = 0;
			defaultConfigurationName = Release;
		};
		BD8050FC2A8528C5007DB190 /* Build configuration list for PBXNativeTarget "AboutMeAppTests" */ = {
			isa = XCConfigurationList;
			buildConfigurations = (
				BD8050FD2A8528C5007DB190 /* Debug */,
				BD8050FE2A8528C5007DB190 /* Release */,
			);
			defaultConfigurationIsVisible = 0;
			defaultConfigurationName = Release;
		};
		BD8050FF2A8528C5007DB190 /* Build configuration list for PBXNativeTarget "AboutMeAppUITests" */ = {
			isa = XCConfigurationList;
			buildConfigurations = (
				BD8051002A8528C5007DB190 /* Debug */,
				BD8051012A8528C5007DB190 /* Release */,
			);
			defaultConfigurationIsVisible = 0;
			defaultConfigurationName = Release;
		};
/* End XCConfigurationList section */
	};
	rootObject = BD8050CD2A8528C3007DB190 /* Project object */;
}
